
Microsoft Visual Studio Solution File, Format Version 12.00
# Visual Studio Version 17
VisualStudioVersion = 17.2.32516.85
MinimumVisualStudioVersion = 10.0.40219.1
Project("{FAE04EC0-301F-11D3-BF4B-00C04F79EFBC}") = "MyCompanion", "MyCompanion.csproj", "{06F4FF1F-D7D8-452C-9DF0-2B75F3B02941}"
EndProject
Global
	GlobalSection(SolutionConfigurationPlatforms) = preSolution
		Debug|Any CPU = Debug|Any CPU
		Release|Any CPU = Release|Any CPU
	EndGlobalSection
	GlobalSection(ProjectConfigurationPlatforms) = postSolution
		{06F4FF1F-D7D8-452C-9DF0-2B75F3B02941}.Debug|Any CPU.ActiveCfg = Debug|Any CPU
		{06F4FF1F-D7D8-452C-9DF0-2B75F3B02941}.Debug|Any CPU.Build.0 = Debug|Any CPU
		{06F4FF1F-D7D8-452C-9DF0-2B75F3B02941}.Release|Any CPU.ActiveCfg = Release|Any CPU
		{06F4FF1F-D7D8-452C-9DF0-2B75F3B02941}.Release|Any CPU.Build.0 = Release|Any CPU
	EndGlobalSection
	GlobalSection(SolutionProperties) = preSolution
		HideSolutionNode = FALSE
	EndGlobalSection
	GlobalSection(ExtensibilityGlobals) = postSolution
		SolutionGuid = {75935E72-81B8-4A75-83F8-18C1C2555672}
	EndGlobalSection
EndGlobal
